Microsoft Visual Studio Solution File, Format Version 12.00
# Visual Studio Version 17
VisualStudioVersion = 17.5.2.0
MinimumVisualStudioVersion = 10.0.40219.1
Project("{FAE04EC0-301F-11D3-BF4B-00C04F79EFBC}") = "Queue", "Queue\Queue.csproj", "{7987E5DB-7641-1C66-B502-C83C4DC56C9A}"
EndProject
Global
	GlobalSection(SolutionConfigurationPlatforms) = preSolution
		Debug|Any CPU = Debug|Any CPU
		Release|Any CPU = Release|Any CPU
	EndGlobalSection
	GlobalSection(ProjectConfigurationPlatforms) = postSolution
		{7987E5DB-7641-1C66-B502-C83C4DC56C9A}.Debug|Any CPU.ActiveCfg = Debug|Any CPU
		{7987E5DB-7641-1C66-B502-C83C4DC56C9A}.Debug|Any CPU.Build.0 = Debug|Any CPU
		{7987E5DB-7641-1C66-B502-C83C4DC56C9A}.Release|Any CPU.ActiveCfg = Release|Any CPU
		{7987E5DB-7641-1C66-B502-C83C4DC56C9A}.Release|Any CPU.Build.0 = Release|Any CPU
	EndGlobalSection
	GlobalSection(SolutionProperties) = preSolution
		HideSolutionNode = FALSE
	EndGlobalSection
	GlobalSection(ExtensibilityGlobals) = postSolution
		SolutionGuid = {EBDCE937-CA0A-41D9-B232-CF87B6D94A83}
	EndGlobalSection
EndGlobal
